
Microsoft Visual Studio Solution File, Format Version 12.00
# Visual Studio Version 16
VisualStudioVersion = 16.0.34031.81
MinimumVisualStudioVersion = 10.0.40219.1
Project("{9A19103F-16F7-4668-BE54-9A1E7A4F7556}") = "Samplejobs", "Samplejobs\Samplejobs.csproj", "{6CCD5AB1-8C1C-47CB-88AE-40CD00DB4BBF}"
EndProject
Project("{9A19103F-16F7-4668-BE54-9A1E7A4F7556}") = "emailsample", "emailsample\emailsample.csproj", "{41099928-0CD0-45C9-9521-E4B168ABAF19}"
EndProject
Project("{9A19103F-16F7-4668-BE54-9A1E7A4F7556}") = "JSON_ThreadOperation", "JSON javascript\JSON_ThreadOperation.csproj", "{E381F93F-BEF0-4D55-8DD0-EF3B333DCF19}"
EndProject
Project("{FAE04EC0-301F-11D3-BF4B-00C04F79EFBC}") = "DBConnection", "database\DBConnection.csproj", "{BF8CCFF2-F1F5-4BAA-A6A1-01144F4B6AE3}"
EndProject
Global
	GlobalSection(SolutionConfigurationPlatforms) = preSolution
		Debug|Any CPU = Debug|Any CPU
		Release|Any CPU = Release|Any CPU
	EndGlobalSection
	GlobalSection(ProjectConfigurationPlatforms) = postSolution
		{6CCD5AB1-8C1C-47CB-88AE-40CD00DB4BBF}.Debug|Any CPU.ActiveCfg = Debug|Any CPU
		{6CCD5AB1-8C1C-47CB-88AE-40CD00DB4BBF}.Debug|Any CPU.Build.0 = Debug|Any CPU
		{6CCD5AB1-8C1C-47CB-88AE-40CD00DB4BBF}.Release|Any CPU.ActiveCfg = Release|Any CPU
		{6CCD5AB1-8C1C-47CB-88AE-40CD00DB4BBF}.Release|Any CPU.Build.0 = Release|Any CPU
		{41099928-0CD0-45C9-9521-E4B168ABAF19}.Debug|Any CPU.ActiveCfg = Debug|Any CPU
		{41099928-0CD0-45C9-9521-E4B168ABAF19}.Debug|Any CPU.Build.0 = Debug|Any CPU
		{41099928-0CD0-45C9-9521-E4B168ABAF19}.Release|Any CPU.ActiveCfg = Release|Any CPU
		{41099928-0CD0-45C9-9521-E4B168ABAF19}.Release|Any CPU.Build.0 = Release|Any CPU
		{E381F93F-BEF0-4D55-8DD0-EF3B333DCF19}.Debug|Any CPU.ActiveCfg = Debug|Any CPU
		{E381F93F-BEF0-4D55-8DD0-EF3B333DCF19}.Debug|Any CPU.Build.0 = Debug|Any CPU
		{E381F93F-BEF0-4D55-8DD0-EF3B333DCF19}.Release|Any CPU.ActiveCfg = Release|Any CPU
		{E381F93F-BEF0-4D55-8DD0-EF3B333DCF19}.Release|Any CPU.Build.0 = Release|Any CPU
		{BF8CCFF2-F1F5-4BAA-A6A1-01144F4B6AE3}.Debug|Any CPU.ActiveCfg = Debug|Any CPU
		{BF8CCFF2-F1F5-4BAA-A6A1-01144F4B6AE3}.Debug|Any CPU.Build.0 = Debug|Any CPU
		{BF8CCFF2-F1F5-4BAA-A6A1-01144F4B6AE3}.Release|Any CPU.ActiveCfg = Release|Any CPU
		{BF8CCFF2-F1F5-4BAA-A6A1-01144F4B6AE3}.Release|Any CPU.Build.0 = Release|Any CPU
	EndGlobalSection
	GlobalSection(SolutionProperties) = preSolution
		HideSolutionNode = FALSE
	EndGlobalSection
	GlobalSection(ExtensibilityGlobals) = postSolution
		SolutionGuid = {209C7371-ADCC-414B-853F-998809D19213}
	EndGlobalSection
EndGlobal
